
Microsoft Visual Studio Solution File, Format Version 12.00
# Visual Studio 2012
Project("{FAE04EC0-301F-11D3-BF4B-00C04F79EFBC}") = "Nitroverm", "Birlestirme\Nitroverm.csproj", "{F903358E-CEDF-4265-A76E-2A2A249281CD}"
EndProject
Global
	GlobalSection(SolutionConfigurationPlatforms) = preSolution
		All|Any CPU = All|Any CPU
		CD_ROM|Any CPU = CD_ROM|Any CPU
		Debug|Any CPU = Debug|Any CPU
		DVD-5|Any CPU = DVD-5|Any CPU
		Release|Any CPU = Release|Any CPU
		SingleImage|Any CPU = SingleImage|Any CPU
	EndGlobalSection
	GlobalSection(ProjectConfigurationPlatforms) = postSolution
		{F903358E-CEDF-4265-A76E-2A2A249281CD}.All|Any CPU.ActiveCfg = Debug|Any CPU
		{F903358E-CEDF-4265-A76E-2A2A249281CD}.All|Any CPU.Build.0 = Debug|Any CPU
		{F903358E-CEDF-4265-A76E-2A2A249281CD}.CD_ROM|Any CPU.ActiveCfg = Release|Any CPU
		{F903358E-CEDF-4265-A76E-2A2A249281CD}.CD_ROM|Any CPU.Build.0 = Release|Any CPU
		{F903358E-CEDF-4265-A76E-2A2A249281CD}.Debug|Any CPU.ActiveCfg = Debug|Any CPU
		{F903358E-CEDF-4265-A76E-2A2A249281CD}.Debug|Any CPU.Build.0 = Debug|Any CPU
		{F903358E-CEDF-4265-A76E-2A2A249281CD}.DVD-5|Any CPU.ActiveCfg = Debug|Any CPU
		{F903358E-CEDF-4265-A76E-2A2A249281CD}.DVD-5|Any CPU.Build.0 = Debug|Any CPU
		{F903358E-CEDF-4265-A76E-2A2A249281CD}.Release|Any CPU.ActiveCfg = Release|Any CPU
		{F903358E-CEDF-4265-A76E-2A2A249281CD}.Release|Any CPU.Build.0 = Release|Any CPU
		{F903358E-CEDF-4265-A76E-2A2A249281CD}.SingleImage|Any CPU.ActiveCfg = Release|Any CPU
		{F903358E-CEDF-4265-A76E-2A2A249281CD}.SingleImage|Any CPU.Build.0 = Release|Any CPU
	EndGlobalSection
	GlobalSection(SolutionProperties) = preSolution
		HideSolutionNode = FALSE
	EndGlobalSection
EndGlobal
